
Microsoft Visual Studio Solution File, Format Version 12.00
# Visual Studio Version 17
VisualStudioVersion = 17.6.33723.286
MinimumVisualStudioVersion = 10.0.40219.1
Project("{FAE04EC0-301F-11D3-BF4B-00C04F79EFBC}") = "BethanyPieShop.Infrastructure", "BethanyPieShop.infrastructure\BethanyPieShop.Infrastructure.csproj", "{18C74509-5B31-447D-B60E-5DB27AFF2F91}"
EndProject
Project("{FAE04EC0-301F-11D3-BF4B-00C04F79EFBC}") = "BethanyPieShop.Domain", "BethanyPieShop.Domain\BethanyPieShop.Domain.csproj", "{838E7DE6-068F-4B8B-B2BF-EFBDE3F7B1E2}"
EndProject
Project("{FAE04EC0-301F-11D3-BF4B-00C04F79EFBC}") = "BethanyPieShop.API", "BethanyPieShop.API\BethanyPieShop.API.csproj", "{55DD89AB-9473-48B7-BF85-D20881FBBB75}"
EndProject
Project("{FAE04EC0-301F-11D3-BF4B-00C04F79EFBC}") = "BethanyPieShop.Shared", "BethanyPieShop.Shared\BethanyPieShop.Shared.csproj", "{7CC0EC43-17E4-44C2-9383-43E5EBF0F22F}"
EndProject
Project("{FAE04EC0-301F-11D3-BF4B-00C04F79EFBC}") = "BethanyPieShop.Application", "BethanyPieShop.Application\BethanyPieShop.Application.csproj", "{7A6DAF3E-3B92-4252-BE5C-8DD791D31341}"
EndProject
Global
	GlobalSection(SolutionConfigurationPlatforms) = preSolution
		Debug|Any CPU = Debug|Any CPU
		Release|Any CPU = Release|Any CPU
	EndGlobalSection
	GlobalSection(ProjectConfigurationPlatforms) = postSolution
		{18C74509-5B31-447D-B60E-5DB27AFF2F91}.Debug|Any CPU.ActiveCfg = Debug|Any CPU
		{18C74509-5B31-447D-B60E-5DB27AFF2F91}.Debug|Any CPU.Build.0 = Debug|Any CPU
		{18C74509-5B31-447D-B60E-5DB27AFF2F91}.Release|Any CPU.ActiveCfg = Release|Any CPU
		{18C74509-5B31-447D-B60E-5DB27AFF2F91}.Release|Any CPU.Build.0 = Release|Any CPU
		{838E7DE6-068F-4B8B-B2BF-EFBDE3F7B1E2}.Debug|Any CPU.ActiveCfg = Debug|Any CPU
		{838E7DE6-068F-4B8B-B2BF-EFBDE3F7B1E2}.Debug|Any CPU.Build.0 = Debug|Any CPU
		{838E7DE6-068F-4B8B-B2BF-EFBDE3F7B1E2}.Release|Any CPU.ActiveCfg = Release|Any CPU
		{838E7DE6-068F-4B8B-B2BF-EFBDE3F7B1E2}.Release|Any CPU.Build.0 = Release|Any CPU
		{55DD89AB-9473-48B7-BF85-D20881FBBB75}.Debug|Any CPU.ActiveCfg = Debug|Any CPU
		{55DD89AB-9473-48B7-BF85-D20881FBBB75}.Debug|Any CPU.Build.0 = Debug|Any CPU
		{55DD89AB-9473-48B7-BF85-D20881FBBB75}.Release|Any CPU.ActiveCfg = Release|Any CPU
		{55DD89AB-9473-48B7-BF85-D20881FBBB75}.Release|Any CPU.Build.0 = Release|Any CPU
		{7CC0EC43-17E4-44C2-9383-43E5EBF0F22F}.Debug|Any CPU.ActiveCfg = Debug|Any CPU
		{7CC0EC43-17E4-44C2-9383-43E5EBF0F22F}.Debug|Any CPU.Build.0 = Debug|Any CPU
		{7CC0EC43-17E4-44C2-9383-43E5EBF0F22F}.Release|Any CPU.ActiveCfg = Release|Any CPU
		{7CC0EC43-17E4-44C2-9383-43E5EBF0F22F}.Release|Any CPU.Build.0 = Release|Any CPU
		{7A6DAF3E-3B92-4252-BE5C-8DD791D31341}.Debug|Any CPU.ActiveCfg = Debug|Any CPU
		{7A6DAF3E-3B92-4252-BE5C-8DD791D31341}.Debug|Any CPU.Build.0 = Debug|Any CPU
		{7A6DAF3E-3B92-4252-BE5C-8DD791D31341}.Release|Any CPU.ActiveCfg = Release|Any CPU
		{7A6DAF3E-3B92-4252-BE5C-8DD791D31341}.Release|Any CPU.Build.0 = Release|Any CPU
	EndGlobalSection
	GlobalSection(SolutionProperties) = preSolution
		HideSolutionNode = FALSE
	EndGlobalSection
	GlobalSection(ExtensibilityGlobals) = postSolution
		SolutionGuid = {8A84CD97-FFD8-421C-BC6F-EE1BC4D0D264}
	EndGlobalSection
EndGlobal
